// !$*UTF8*$!
{
	archiveVersion = 1;
	classes = {
	};
	objectVersion = 51;
	objects = {

/* Begin PBXBuildFile section */
		3A04834124A0CF28008F1BC2 /* SettingFooterView.swift in Sources */ = {isa = PBXBuildFile; fileRef = 3A04834024A0CF28008F1BC2 /* SettingFooterView.swift */; };
		3A04834324A0DF8C008F1BC2 /* AddItemViewController.swift in Sources */ = {isa = PBXBuildFile; fileRef = 3A04834224A0DF8C008F1BC2 /* AddItemViewController.swift */; };
		3A0AA474249EF87D009BE640 /* SignUpViewController.swift in Sources */ = {isa = PBXBuildFile; fileRef = 3A0AA473249EF87D009BE640 /* SignUpViewController.swift */; };
		3AA04B7E24A22B1B00886E65 /* AddItemHeaderView.swift in Sources */ = {isa = PBXBuildFile; fileRef = 3AA04B7D24A22B1B00886E65 /* AddItemHeaderView.swift */; };
		3AA04B8324A2343D00886E65 /* AddItemCell.swift in Sources */ = {isa = PBXBuildFile; fileRef = 3AA04B8224A2343D00886E65 /* AddItemCell.swift */; };
		3AA04B8524A23A4E00886E65 /* InputTextView.swift in Sources */ = {isa = PBXBuildFile; fileRef = 3AA04B8424A23A4E00886E65 /* InputTextView.swift */; };
		3AA04B8824A23D7B00886E65 /* AddItemViewModel.swift in Sources */ = {isa = PBXBuildFile; fileRef = 3AA04B8724A23D7B00886E65 /* AddItemViewModel.swift */; };
		3AC396D924A4B94A0088C622 /* Item.swift in Sources */ = {isa = PBXBuildFile; fileRef = 3AC396D824A4B94A0088C622 /* Item.swift */; };
		3AC396DB24A4CD330088C622 /* Reachbility.swift in Sources */ = {isa = PBXBuildFile; fileRef = 3AC396DA24A4CD330088C622 /* Reachbility.swift */; };
		3AD31B7424A85CDA00BD78D3 /* MyItemsViewController.swift in Sources */ = {isa = PBXBuildFile; fileRef = 3AD31B7324A85CDA00BD78D3 /* MyItemsViewController.swift */; };
		3AD3327E24A83FE9002A2672 /* BottomControlsStackView.swift in Sources */ = {isa = PBXBuildFile; fileRef = 3AD3327D24A83FE9002A2672 /* BottomControlsStackView.swift */; };
		3AD3328024A84360002A2672 /* CardView.swift in Sources */ = {isa = PBXBuildFile; fileRef = 3AD3327F24A84360002A2672 /* CardView.swift */; };
		3AD3328224A8470F002A2672 /* CardViewModel.swift in Sources */ = {isa = PBXBuildFile; fileRef = 3AD3328124A8470F002A2672 /* CardViewModel.swift */; };
		3AD4211C24AB724A00CC88E9 /* WantRentViewController.swift in Sources */ = {isa = PBXBuildFile; fileRef = 3AD4211B24AB724A00CC88E9 /* WantRentViewController.swift */; };
		3ADB97DE249DD56A000AB412 /* FeedCell.swift in Sources */ = {isa = PBXBuildFile; fileRef = 3ADB97DD249DD56A000AB412 /* FeedCell.swift */; };
		3ADB97E0249DD60A000AB412 /* Extensions.swift in Sources */ = {isa = PBXBuildFile; fileRef = 3ADB97DF249DD60A000AB412 /* Extensions.swift */; };
		3ADB97E2249DD67F000AB412 /* MainTabController.swift in Sources */ = {isa = PBXBuildFile; fileRef = 3ADB97E1249DD67F000AB412 /* MainTabController.swift */; };
		3ADB97E4249DD917000AB412 /* GoogleService-Info.plist in Resources */ = {isa = PBXBuildFile; fileRef = 3ADB97E3249DD917000AB412 /* GoogleService-Info.plist */; };
		3ADB97E7249DDD6F000AB412 /* LoginViewController.swift in Sources */ = {isa = PBXBuildFile; fileRef = 3ADB97E6249DDD6F000AB412 /* LoginViewController.swift */; };
		3AE001EB24A79541009BD9B5 /* DetailItemViewController.swift in Sources */ = {isa = PBXBuildFile; fileRef = 3AE001EA24A79541009BD9B5 /* DetailItemViewController.swift */; };
		3AEE21A9249F1E4B002CB2F1 /* Service.swift in Sources */ = {isa = PBXBuildFile; fileRef = 3AEE21A8249F1E4B002CB2F1 /* Service.swift */; };
		3AEE21AB249F2541002CB2F1 /* Constracts.swift in Sources */ = {isa = PBXBuildFile; fileRef = 3AEE21AA249F2541002CB2F1 /* Constracts.swift */; };
		3AEE21AD249F25A9002CB2F1 /* FirebaseReferences.swift in Sources */ = {isa = PBXBuildFile; fileRef = 3AEE21AC249F25A9002CB2F1 /* FirebaseReferences.swift */; };
		3AEE21AF249F2B7A002CB2F1 /* Downloader.swift in Sources */ = {isa = PBXBuildFile; fileRef = 3AEE21AE249F2B7A002CB2F1 /* Downloader.swift */; };
		3AEE21B1249F2BDD002CB2F1 /* User.swift in Sources */ = {isa = PBXBuildFile; fileRef = 3AEE21B0249F2BDD002CB2F1 /* User.swift */; };
		3AEE21B3249F2F9D002CB2F1 /* SettingViewController.swift in Sources */ = {isa = PBXBuildFile; fileRef = 3AEE21B2249F2F9D002CB2F1 /* SettingViewController.swift */; };
		3AF97672249DB9BC00A7BA80 /* AppDelegate.swift in Sources */ = {isa = PBXBuildFile; fileRef = 3AF97671249DB9BC00A7BA80 /* AppDelegate.swift */; };
		3AF97674249DB9BC00A7BA80 /* SceneDelegate.swift in Sources */ = {isa = PBXBuildFile; fileRef = 3AF97673249DB9BC00A7BA80 /* SceneDelegate.swift */; };
		3AF9767B249DB9BE00A7BA80 /* Assets.xcassets in Resources */ = {isa = PBXBuildFile; fileRef = 3AF9767A249DB9BE00A7BA80 /* Assets.xcassets */; };
		3AF9767E249DB9BE00A7BA80 /* LaunchScreen.storyboard in Resources */ = {isa = PBXBuildFile; fileRef = 3AF9767C249DB9BE00A7BA80 /* LaunchScreen.storyboard */; };
		3AF97686249DBA0600A7BA80 /* FeedViewController.swift in Sources */ = {isa = PBXBuildFile; fileRef = 3AF97685249DBA0600A7BA80 /* FeedViewController.swift */; };
		3D6A717C7CB99BCA37851CEA /* Pods_Itemism.framework in Frameworks */ = {isa = PBXBuildFile; fileRef = 736524F3509601A4BE124D68 /* Pods_Itemism.framework */; };
/* End PBXBuildFile section */

/* Begin PBXFileReference section */
		1BE3FEA6259665A9D8D5C625 /* Pods-Itemism.release.xcconfig */ = {isa = PBXFileReference; includeInIndex = 1; lastKnownFileType = text.xcconfig; name = "Pods-Itemism.release.xcconfig"; path = "Target Support Files/Pods-Itemism/Pods-Itemism.release.xcconfig"; sourceTree = "<group>"; };
		3A04834024A0CF28008F1BC2 /* SettingFooterView.swift */ = {isa = PBXFileReference; lastKnownFileType = sourcecode.swift; path = SettingFooterView.swift; sourceTree = "<group>"; };
		3A04834224A0DF8C008F1BC2 /* AddItemViewController.swift */ = {isa = PBXFileReference; lastKnownFileType = sourcecode.swift; path = AddItemViewController.swift; sourceTree = "<group>"; };
		3A0AA473249EF87D009BE640 /* SignUpViewController.swift */ = {isa = PBXFileReference; lastKnownFileType = sourcecode.swift; path = SignUpViewController.swift; sourceTree = "<group>"; };
		3AA04B7D24A22B1B00886E65 /* AddItemHeaderView.swift */ = {isa = PBXFileReference; lastKnownFileType = sourcecode.swift; path = AddItemHeaderView.swift; sourceTree = "<group>"; };
		3AA04B8224A2343D00886E65 /* AddItemCell.swift */ = {isa = PBXFileReference; lastKnownFileType = sourcecode.swift; path = AddItemCell.swift; sourceTree = "<group>"; };
		3AA04B8424A23A4E00886E65 /* InputTextView.swift */ = {isa = PBXFileReference; lastKnownFileType = sourcecode.swift; path = InputTextView.swift; sourceTree = "<group>"; };
		3AA04B8724A23D7B00886E65 /* AddItemViewModel.swift */ = {isa = PBXFileReference; lastKnownFileType = sourcecode.swift; path = AddItemViewModel.swift; sourceTree = "<group>"; };
		3AC396D824A4B94A0088C622 /* Item.swift */ = {isa = PBXFileReference; lastKnownFileType = sourcecode.swift; path = Item.swift; sourceTree = "<group>"; };
		3AC396DA24A4CD330088C622 /* Reachbility.swift */ = {isa = PBXFileReference; lastKnownFileType = sourcecode.swift; path = Reachbility.swift; sourceTree = "<group>"; };
		3AD31B7324A85CDA00BD78D3 /* MyItemsViewController.swift */ = {isa = PBXFileReference; lastKnownFileType = sourcecode.swift; path = MyItemsViewController.swift; sourceTree = "<group>"; };
		3AD3327D24A83FE9002A2672 /* BottomControlsStackView.swift */ = {isa = PBXFileReference; lastKnownFileType = sourcecode.swift; path = BottomControlsStackView.swift; sourceTree = "<group>"; };
		3AD3327F24A84360002A2672 /* CardView.swift */ = {isa = PBXFileReference; lastKnownFileType = sourcecode.swift; path = CardView.swift; sourceTree = "<group>"; };
		3AD3328124A8470F002A2672 /* CardViewModel.swift */ = {isa = PBXFileReference; lastKnownFileType = sourcecode.swift; path = CardViewModel.swift; sourceTree = "<group>"; };
		3AD4211B24AB724A00CC88E9 /* WantRentViewController.swift */ = {isa = PBXFileReference; lastKnownFileType = sourcecode.swift; path = WantRentViewController.swift; sourceTree = "<group>"; };
		3ADB97DD249DD56A000AB412 /* FeedCell.swift */ = {isa = PBXFileReference; lastKnownFileType = sourcecode.swift; path = FeedCell.swift; sourceTree = "<group>"; };
		3ADB97DF249DD60A000AB412 /* Extensions.swift */ = {isa = PBXFileReference; lastKnownFileType = sourcecode.swift; path = Extensions.swift; sourceTree = "<group>"; };
		3ADB97E1249DD67F000AB412 /* MainTabController.swift */ = {isa = PBXFileReference; lastKnownFileType = sourcecode.swift; path = MainTabController.swift; sourceTree = "<group>"; };
		3ADB97E3249DD917000AB412 /* GoogleService-Info.plist */ = {isa = PBXFileReference; fileEncoding = 4; lastKnownFileType = text.plist.xml; path = "GoogleService-Info.plist"; sourceTree = "<group>"; };
		3ADB97E6249DDD6F000AB412 /* LoginViewController.swift */ = {isa = PBXFileReference; lastKnownFileType = sourcecode.swift; path = LoginViewController.swift; sourceTree = "<group>"; };
		3AE001EA24A79541009BD9B5 /* DetailItemViewController.swift */ = {isa = PBXFileReference; lastKnownFileType = sourcecode.swift; path = DetailItemViewController.swift; sourceTree = "<group>"; };
		3AEE21A8249F1E4B002CB2F1 /* Service.swift */ = {isa = PBXFileReference; lastKnownFileType = sourcecode.swift; path = Service.swift; sourceTree = "<group>"; };
		3AEE21AA249F2541002CB2F1 /* Constracts.swift */ = {isa = PBXFileReference; lastKnownFileType = sourcecode.swift; path = Constracts.swift; sourceTree = "<group>"; };
		3AEE21AC249F25A9002CB2F1 /* FirebaseReferences.swift */ = {isa = PBXFileReference; lastKnownFileType = sourcecode.swift; path = FirebaseReferences.swift; sourceTree = "<group>"; };
		3AEE21AE249F2B7A002CB2F1 /* Downloader.swift */ = {isa = PBXFileReference; lastKnownFileType = sourcecode.swift; path = Downloader.swift; sourceTree = "<group>"; };
		3AEE21B0249F2BDD002CB2F1 /* User.swift */ = {isa = PBXFileReference; lastKnownFileType = sourcecode.swift; path = User.swift; sourceTree = "<group>"; };
		3AEE21B2249F2F9D002CB2F1 /* SettingViewController.swift */ = {isa = PBXFileReference; lastKnownFileType = sourcecode.swift; path = SettingViewController.swift; sourceTree = "<group>"; };
		3AF9766E249DB9BC00A7BA80 /* Itemism.app */ = {isa = PBXFileReference; explicitFileType = wrapper.application; includeInIndex = 0; path = Itemism.app; sourceTree = BUILT_PRODUCTS_DIR; };
		3AF97671249DB9BC00A7BA80 /* AppDelegate.swift */ = {isa = PBXFileReference; lastKnownFileType = sourcecode.swift; path = AppDelegate.swift; sourceTree = "<group>"; };
		3AF97673249DB9BC00A7BA80 /* SceneDelegate.swift */ = {isa = PBXFileReference; lastKnownFileType = sourcecode.swift; path = SceneDelegate.swift; sourceTree = "<group>"; };
		3AF9767A249DB9BE00A7BA80 /* Assets.xcassets */ = {isa = PBXFileReference; lastKnownFileType = folder.assetcatalog; path = Assets.xcassets; sourceTree = "<group>"; };
		3AF9767D249DB9BE00A7BA80 /* Base */ = {isa = PBXFileReference; lastKnownFileType = file.storyboard; name = Base; path = Base.lproj/LaunchScreen.storyboard; sourceTree = "<group>"; };
		3AF9767F249DB9BE00A7BA80 /* Info.plist */ = {isa = PBXFileReference; lastKnownFileType = text.plist.xml; path = Info.plist; sourceTree = "<group>"; };
		3AF97685249DBA0600A7BA80 /* FeedViewController.swift */ = {isa = PBXFileReference; lastKnownFileType = sourcecode.swift; path = FeedViewController.swift; sourceTree = "<group>"; };
		47D78AFEF3C962519C839AA0 /* Pods-Itemism.debug.xcconfig */ = {isa = PBXFileReference; includeInIndex = 1; lastKnownFileType = text.xcconfig; name = "Pods-Itemism.debug.xcconfig"; path = "Target Support Files/Pods-Itemism/Pods-Itemism.debug.xcconfig"; sourceTree = "<group>"; };
		736524F3509601A4BE124D68 /* Pods_Itemism.framework */ = {isa = PBXFileReference; explicitFileType = wrapper.framework; includeInIndex = 0; path = Pods_Itemism.framework; sourceTree = BUILT_PRODUCTS_DIR; };
/* End PBXFileReference section */

/* Begin PBXFrameworksBuildPhase section */
		3AF9766B249DB9BC00A7BA80 /* Frameworks */ = {
			isa = PBXFrameworksBuildPhase;
			buildActionMask = 2147483647;
			files = (
				3D6A717C7CB99BCA37851CEA /* Pods_Itemism.framework in Frameworks */,
			);
			runOnlyForDeploymentPostprocessing = 0;
		};
/* End PBXFrameworksBuildPhase section */

/* Begin PBXGroup section */
		3AA04B8124A2342000886E65 /* Item */ = {
			isa = PBXGroup;
			children = (
				3AA04B7D24A22B1B00886E65 /* AddItemHeaderView.swift */,
				3AA04B8224A2343D00886E65 /* AddItemCell.swift */,
				3AA04B8424A23A4E00886E65 /* InputTextView.swift */,
			);
			path = Item;
			sourceTree = "<group>";
		};
		3AA04B8624A23D6000886E65 /* ViewModel */ = {
			isa = PBXGroup;
			children = (
				3AA04B8724A23D7B00886E65 /* AddItemViewModel.swift */,
				3AD3328124A8470F002A2672 /* CardViewModel.swift */,
			);
			path = ViewModel;
			sourceTree = "<group>";
		};
		3AAAA2F1249DBAE700C2BD60 /* Model */ = {
			isa = PBXGroup;
			children = (
				3AEE21B0249F2BDD002CB2F1 /* User.swift */,
				3AC396D824A4B94A0088C622 /* Item.swift */,
			);
			path = Model;
			sourceTree = "<group>";
		};
		3AAAA2F3249DBAF300C2BD60 /* View */ = {
			isa = PBXGroup;
			children = (
				3ADB97DD249DD56A000AB412 /* FeedCell.swift */,
				3AD3327F24A84360002A2672 /* CardView.swift */,
				3A04834024A0CF28008F1BC2 /* SettingFooterView.swift */,
				3AA04B8124A2342000886E65 /* Item */,
				3AD3327D24A83FE9002A2672 /* BottomControlsStackView.swift */,
			);
			path = View;
			sourceTree = "<group>";
		};
		3AAAA2F4249DBB0F00C2BD60 /* Helpers */ = {
			isa = PBXGroup;
			children = (
				3ADB97DF249DD60A000AB412 /* Extensions.swift */,
				3AEE21AA249F2541002CB2F1 /* Constracts.swift */,
				3AEE21AC249F25A9002CB2F1 /* FirebaseReferences.swift */,
				3AEE21AE249F2B7A002CB2F1 /* Downloader.swift */,
				3AC396DA24A4CD330088C622 /* Reachbility.swift */,
			);
			path = Helpers;
			sourceTree = "<group>";
		};
		3ADB97E5249DDD52000AB412 /* Authentification */ = {
			isa = PBXGroup;
			children = (
				3ADB97E6249DDD6F000AB412 /* LoginViewController.swift */,
				3A0AA473249EF87D009BE640 /* SignUpViewController.swift */,
			);
			path = Authentification;
			sourceTree = "<group>";
		};
		3AEE21A7249F1E3B002CB2F1 /* API */ = {
			isa = PBXGroup;
			children = (
				3AEE21A8249F1E4B002CB2F1 /* Service.swift */,
			);
			path = API;
			sourceTree = "<group>";
		};
		3AF97665249DB9BC00A7BA80 = {
			isa = PBXGroup;
			children = (
				3AF97670249DB9BC00A7BA80 /* Itemism */,
				3AF9766F249DB9BC00A7BA80 /* Products */,
				58ED62A49314D53D384FA0E6 /* Pods */,
				9F11DCCCF65FC7DA9A76AD47 /* Frameworks */,
			);
			sourceTree = "<group>";
		};
		3AF9766F249DB9BC00A7BA80 /* Products */ = {
			isa = PBXGroup;
			children = (
				3AF9766E249DB9BC00A7BA80 /* Itemism.app */,
			);
			name = Products;
			sourceTree = "<group>";
		};
		3AF97670249DB9BC00A7BA80 /* Itemism */ = {
			isa = PBXGroup;
			children = (
				3AF97671249DB9BC00A7BA80 /* AppDelegate.swift */,
				3AF97673249DB9BC00A7BA80 /* SceneDelegate.swift */,
				3AAAA2F1249DBAE700C2BD60 /* Model */,
				3AA04B8624A23D6000886E65 /* ViewModel */,
				3AAAA2F3249DBAF300C2BD60 /* View */,
				3AF97687249DBA0A00A7BA80 /* ViewController */,
				3AEE21A7249F1E3B002CB2F1 /* API */,
				3AAAA2F4249DBB0F00C2BD60 /* Helpers */,
				3AF9767A249DB9BE00A7BA80 /* Assets.xcassets */,
				3AF9767C249DB9BE00A7BA80 /* LaunchScreen.storyboard */,
				3AF9767F249DB9BE00A7BA80 /* Info.plist */,
				3ADB97E3249DD917000AB412 /* GoogleService-Info.plist */,
			);
			path = Itemism;
			sourceTree = "<group>";
		};
		3AF97687249DBA0A00A7BA80 /* ViewController */ = {
			isa = PBXGroup;
			children = (
				3ADB97E5249DDD52000AB412 /* Authentification */,
				3ADB97E1249DD67F000AB412 /* MainTabController.swift */,
				3AF97685249DBA0600A7BA80 /* FeedViewController.swift */,
				3AEE21B2249F2F9D002CB2F1 /* SettingViewController.swift */,
				3A04834224A0DF8C008F1BC2 /* AddItemViewController.swift */,
				3AE001EA24A79541009BD9B5 /* DetailItemViewController.swift */,
				3AD31B7324A85CDA00BD78D3 /* MyItemsViewController.swift */,
				3AD4211B24AB724A00CC88E9 /* WantRentViewController.swift */,
			);
			path = ViewController;
			sourceTree = "<group>";
		};
		58ED62A49314D53D384FA0E6 /* Pods */ = {
			isa = PBXGroup;
			children = (
				47D78AFEF3C962519C839AA0 /* Pods-Itemism.debug.xcconfig */,
				1BE3FEA6259665A9D8D5C625 /* Pods-Itemism.release.xcconfig */,
			);
			path = Pods;
			sourceTree = "<group>";
		};
		9F11DCCCF65FC7DA9A76AD47 /* Frameworks */ = {
			isa = PBXGroup;
			children = (
				736524F3509601A4BE124D68 /* Pods_Itemism.framework */,
			);
			name = Frameworks;
			sourceTree = "<group>";
		};
/* End PBXGroup section */

/* Begin PBXNativeTarget section */
		3AF9766D249DB9BC00A7BA80 /* Itemism */ = {
			isa = PBXNativeTarget;
			buildConfigurationList = 3AF97682249DB9BE00A7BA80 /* Build configuration list for PBXNativeTarget "Itemism" */;
			buildPhases = (
				1C7DBFE4D3711A25DD08A84B /* [CP] Check Pods Manifest.lock */,
				3AF9766A249DB9BC00A7BA80 /* Sources */,
				3AF9766B249DB9BC00A7BA80 /* Frameworks */,
				3AF9766C249DB9BC00A7BA80 /* Resources */,
				56DDA4FCBF0C6C9A8F846759 /* [CP] Embed Pods Frameworks */,
			);
			buildRules = (
			);
			dependencies = (
			);
			name = Itemism;
			productName = Itemism;
			productReference = 3AF9766E249DB9BC00A7BA80 /* Itemism.app */;
			productType = "com.apple.product-type.application";
		};
/* End PBXNativeTarget section */

/* Begin PBXProject section */
		3AF97666249DB9BC00A7BA80 /* Project object */ = {
			isa = PBXProject;
			attributes = {
				LastSwiftUpdateCheck = 1150;
				LastUpgradeCheck = 1150;
				ORGANIZATIONNAME = "Yuuki sakai";
				TargetAttributes = {
					3AF9766D249DB9BC00A7BA80 = {
						CreatedOnToolsVersion = 11.5;
					};
				};
			};
			buildConfigurationList = 3AF97669249DB9BC00A7BA80 /* Build configuration list for PBXProject "Itemism" */;
			compatibilityVersion = "Xcode 9.3";
			developmentRegion = en;
			hasScannedForEncodings = 0;
			knownRegions = (
				en,
				Base,
			);
			mainGroup = 3AF97665249DB9BC00A7BA80;
			productRefGroup = 3AF9766F249DB9BC00A7BA80 /* Products */;
			projectDirPath = "";
			projectRoot = "";
			targets = (
				3AF9766D249DB9BC00A7BA80 /* Itemism */,
			);
		};
/* End PBXProject section */

/* Begin PBXResourcesBuildPhase section */
		3AF9766C249DB9BC00A7BA80 /* Resources */ = {
			isa = PBXResourcesBuildPhase;
			buildActionMask = 2147483647;
			files = (
				3AF9767E249DB9BE00A7BA80 /* LaunchScreen.storyboard in Resources */,
				3AF9767B249DB9BE00A7BA80 /* Assets.xcassets in Resources */,
				3ADB97E4249DD917000AB412 /* GoogleService-Info.plist in Resources */,
			);
			runOnlyForDeploymentPostprocessing = 0;
		};
/* End PBXResourcesBuildPhase section */

/* Begin PBXShellScriptBuildPhase section */
		1C7DBFE4D3711A25DD08A84B /* [CP] Check Pods Manifest.lock */ = {
			isa = PBXShellScriptBuildPhase;
			buildActionMask = 2147483647;
			files = (
			);
			inputFileListPaths = (
			);
			inputPaths = (
				"${PODS_PODFILE_DIR_PATH}/Podfile.lock",
				"${PODS_ROOT}/Manifest.lock",
			);
			name = "[CP] Check Pods Manifest.lock";
			outputFileListPaths = (
			);
			outputPaths = (
				"$(DERIVED_FILE_DIR)/Pods-Itemism-checkManifestLockResult.txt",
			);
			runOnlyForDeploymentPostprocessing = 0;
			shellPath = /bin/sh;
			shellScript = "diff \"${PODS_PODFILE_DIR_PATH}/Podfile.lock\" \"${PODS_ROOT}/Manifest.lock\" > /dev/null\nif [ $? != 0 ] ; then\n    # print error to STDERR\n    echo \"error: The sandbox is not in sync with the Podfile.lock. Run 'pod install' or update your CocoaPods installation.\" >&2\n    exit 1\nfi\n# This output is used by Xcode 'outputs' to avoid re-running this script phase.\necho \"SUCCESS\" > \"${SCRIPT_OUTPUT_FILE_0}\"\n";
			showEnvVarsInLog = 0;
		};
		56DDA4FCBF0C6C9A8F846759 /* [CP] Embed Pods Frameworks */ = {
			isa = PBXShellScriptBuildPhase;
			buildActionMask = 2147483647;
			files = (
			);
			inputFileListPaths = (
				"${PODS_ROOT}/Target Support Files/Pods-Itemism/Pods-Itemism-frameworks-${CONFIGURATION}-input-files.xcfilelist",
			);
			name = "[CP] Embed Pods Frameworks";
			outputFileListPaths = (
				"${PODS_ROOT}/Target Support Files/Pods-Itemism/Pods-Itemism-frameworks-${CONFIGURATION}-output-files.xcfilelist",
			);
			runOnlyForDeploymentPostprocessing = 0;
			shellPath = /bin/sh;
			shellScript = "\"${PODS_ROOT}/Target Support Files/Pods-Itemism/Pods-Itemism-frameworks.sh\"\n";
			showEnvVarsInLog = 0;
		};
/* End PBXShellScriptBuildPhase section */

/* Begin PBXSourcesBuildPhase section */
		3AF9766A249DB9BC00A7BA80 /* Sources */ = {
			isa = PBXSourcesBuildPhase;
			buildActionMask = 2147483647;
			files = (
				3AEE21B1249F2BDD002CB2F1 /* User.swift in Sources */,
				3ADB97E7249DDD6F000AB412 /* LoginViewController.swift in Sources */,
				3AEE21AB249F2541002CB2F1 /* Constracts.swift in Sources */,
				3AEE21AF249F2B7A002CB2F1 /* Downloader.swift in Sources */,
				3AC396D924A4B94A0088C622 /* Item.swift in Sources */,
				3AA04B8824A23D7B00886E65 /* AddItemViewModel.swift in Sources */,
				3AC396DB24A4CD330088C622 /* Reachbility.swift in Sources */,
				3AF97672249DB9BC00A7BA80 /* AppDelegate.swift in Sources */,
				3AD3328224A8470F002A2672 /* CardViewModel.swift in Sources */,
				3AA04B7E24A22B1B00886E65 /* AddItemHeaderView.swift in Sources */,
				3AA04B8524A23A4E00886E65 /* InputTextView.swift in Sources */,
				3AEE21B3249F2F9D002CB2F1 /* SettingViewController.swift in Sources */,
				3AA04B8324A2343D00886E65 /* AddItemCell.swift in Sources */,
				3AD4211C24AB724A00CC88E9 /* WantRentViewController.swift in Sources */,
				3A0AA474249EF87D009BE640 /* SignUpViewController.swift in Sources */,
				3AD31B7424A85CDA00BD78D3 /* MyItemsViewController.swift in Sources */,
				3ADB97E0249DD60A000AB412 /* Extensions.swift in Sources */,
				3AD3328024A84360002A2672 /* CardView.swift in Sources */,
				3AEE21AD249F25A9002CB2F1 /* FirebaseReferences.swift in Sources */,
				3ADB97E2249DD67F000AB412 /* MainTabController.swift in Sources */,
				3A04834124A0CF28008F1BC2 /* SettingFooterView.swift in Sources */,
				3AE001EB24A79541009BD9B5 /* DetailItemViewController.swift in Sources */,
				3AD3327E24A83FE9002A2672 /* BottomControlsStackView.swift in Sources */,
				3AEE21A9249F1E4B002CB2F1 /* Service.swift in Sources */,
				3ADB97DE249DD56A000AB412 /* FeedCell.swift in Sources */,
				3A04834324A0DF8C008F1BC2 /* AddItemViewController.swift in Sources */,
				3AF97674249DB9BC00A7BA80 /* SceneDelegate.swift in Sources */,
				3AF97686249DBA0600A7BA80 /* FeedViewController.swift in Sources */,
			);
			runOnlyForDeploymentPostprocessing = 0;
		};
/* End PBXSourcesBuildPhase section */

/* Begin PBXVariantGroup section */
		3AF9767C249DB9BE00A7BA80 /* LaunchScreen.storyboard */ = {
			isa = PBXVariantGroup;
			children = (
				3AF9767D249DB9BE00A7BA80 /* Base */,
			);
			name = LaunchScreen.storyboard;
			sourceTree = "<group>";
		};
/* End PBXVariantGroup section */

/* Begin XCBuildConfiguration section */
		3AF97680249DB9BE00A7BA80 /* Debug */ = {
			isa = XCBuildConfiguration;
			buildSettings = {
				ALWAYS_SEARCH_USER_PATHS = NO;
				CLANG_ANALYZER_NONNULL = YES;
				CLANG_ANALYZER_NUMBER_OBJECT_CONVERSION = YES_AGGRESSIVE;
				CLANG_CXX_LANGUAGE_STANDARD = "gnu++14";
				CLANG_CXX_LIBRARY = "libc++";
				CLANG_ENABLE_MODULES = YES;
				CLANG_ENABLE_OBJC_ARC = YES;
				CLANG_ENABLE_OBJC_WEAK = YES;
				CLANG_WARN_BLOCK_CAPTURE_AUTORELEASING = YES;
				CLANG_WARN_BOOL_CONVERSION = YES;
				CLANG_WARN_COMMA = YES;
				CLANG_WARN_CONSTANT_CONVERSION = YES;
				CLANG_WARN_DEPRECATED_OBJC_IMPLEMENTATIONS = YES;
				CLANG_WARN_DIRECT_OBJC_ISA_USAGE = YES_ERROR;
				CLANG_WARN_DOCUMENTATION_COMMENTS = YES;
				CLANG_WARN_EMPTY_BODY = YES;
				CLANG_WARN_ENUM_CONVERSION = YES;
				CLANG_WARN_INFINITE_RECURSION = YES;
				CLANG_WARN_INT_CONVERSION = YES;
				CLANG_WARN_NON_LITERAL_NULL_CONVERSION = YES;
				CLANG_WARN_OBJC_IMPLICIT_RETAIN_SELF = YES;
				CLANG_WARN_OBJC_LITERAL_CONVERSION = YES;
				CLANG_WARN_OBJC_ROOT_CLASS = YES_ERROR;
				CLANG_WARN_RANGE_LOOP_ANALYSIS = YES;
				CLANG_WARN_STRICT_PROTOTYPES = YES;
				CLANG_WARN_SUSPICIOUS_MOVE = YES;
				CLANG_WARN_UNGUARDED_AVAILABILITY = YES_AGGRESSIVE;
				CLANG_WARN_UNREACHABLE_CODE = YES;
				CLANG_WARN__DUPLICATE_METHOD_MATCH = YES;
				COPY_PHASE_STRIP = NO;
				DEBUG_INFORMATION_FORMAT = dwarf;
				ENABLE_STRICT_OBJC_MSGSEND = YES;
				ENABLE_TESTABILITY = YES;
				GCC_C_LANGUAGE_STANDARD = gnu11;
				GCC_DYNAMIC_NO_PIC = NO;
				GCC_NO_COMMON_BLOCKS = YES;
				GCC_OPTIMIZATION_LEVEL = 0;
				GCC_PREPROCESSOR_DEFINITIONS = (
					"DEBUG=1",
					"$(inherited)",
				);
				GCC_WARN_64_TO_32_BIT_CONVERSION = YES;
				GCC_WARN_ABOUT_RETURN_TYPE = YES_ERROR;
				GCC_WARN_UNDECLARED_SELECTOR = YES;
				GCC_WARN_UNINITIALIZED_AUTOS = YES_AGGRESSIVE;
				GCC_WARN_UNUSED_FUNCTION = YES;
				GCC_WARN_UNUSED_VARIABLE = YES;
				IPHONEOS_DEPLOYMENT_TARGET = 13.5;
				MTL_ENABLE_DEBUG_INFO = INCLUDE_SOURCE;
				MTL_FAST_MATH = YES;
				ONLY_ACTIVE_ARCH = YES;
				SDKROOT = iphoneos;
				SWIFT_ACTIVE_COMPILATION_CONDITIONS = DEBUG;
				SWIFT_OPTIMIZATION_LEVEL = "-Onone";
			};
			name = Debug;
		};
		3AF97681249DB9BE00A7BA80 /* Release */ = {
			isa = XCBuildConfiguration;
			buildSettings = {
				ALWAYS_SEARCH_USER_PATHS = NO;
				CLANG_ANALYZER_NONNULL = YES;
				CLANG_ANALYZER_NUMBER_OBJECT_CONVERSION = YES_AGGRESSIVE;
				CLANG_CXX_LANGUAGE_STANDARD = "gnu++14";
				CLANG_CXX_LIBRARY = "libc++";
				CLANG_ENABLE_MODULES = YES;
				CLANG_ENABLE_OBJC_ARC = YES;
				CLANG_ENABLE_OBJC_WEAK = YES;
				CLANG_WARN_BLOCK_CAPTURE_AUTORELEASING = YES;
				CLANG_WARN_BOOL_CONVERSION = YES;
				CLANG_WARN_COMMA = YES;
				CLANG_WARN_CONSTANT_CONVERSION = YES;
				CLANG_WARN_DEPRECATED_OBJC_IMPLEMENTATIONS = YES;
				CLANG_WARN_DIRECT_OBJC_ISA_USAGE = YES_ERROR;
				CLANG_WARN_DOCUMENTATION_COMMENTS = YES;
				CLANG_WARN_EMPTY_BODY = YES;
				CLANG_WARN_ENUM_CONVERSION = YES;
				CLANG_WARN_INFINITE_RECURSION = YES;
				CLANG_WARN_INT_CONVERSION = YES;
				CLANG_WARN_NON_LITERAL_NULL_CONVERSION = YES;
				CLANG_WARN_OBJC_IMPLICIT_RETAIN_SELF = YES;
				CLANG_WARN_OBJC_LITERAL_CONVERSION = YES;
				CLANG_WARN_OBJC_ROOT_CLASS = YES_ERROR;
				CLANG_WARN_RANGE_LOOP_ANALYSIS = YES;
				CLANG_WARN_STRICT_PROTOTYPES = YES;
				CLANG_WARN_SUSPICIOUS_MOVE = YES;
				CLANG_WARN_UNGUARDED_AVAILABILITY = YES_AGGRESSIVE;
				CLANG_WARN_UNREACHABLE_CODE = YES;
				CLANG_WARN__DUPLICATE_METHOD_MATCH = YES;
				COPY_PHASE_STRIP = NO;
				DEBUG_INFORMATION_FORMAT = "dwarf-with-dsym";
				ENABLE_NS_ASSERTIONS = NO;
				ENABLE_STRICT_OBJC_MSGSEND = YES;
				GCC_C_LANGUAGE_STANDARD = gnu11;
				GCC_NO_COMMON_BLOCKS = YES;
				GCC_WARN_64_TO_32_BIT_CONVERSION = YES;
				GCC_WARN_ABOUT_RETURN_TYPE = YES_ERROR;
				GCC_WARN_UNDECLARED_SELECTOR = YES;
				GCC_WARN_UNINITIALIZED_AUTOS = YES_AGGRESSIVE;
				GCC_WARN_UNUSED_FUNCTION = YES;
				GCC_WARN_UNUSED_VARIABLE = YES;
				IPHONEOS_DEPLOYMENT_TARGET = 13.5;
				MTL_ENABLE_DEBUG_INFO = NO;
				MTL_FAST_MATH = YES;
				SDKROOT = iphoneos;
				SWIFT_COMPILATION_MODE = wholemodule;
				SWIFT_OPTIMIZATION_LEVEL = "-O";
				VALIDATE_PRODUCT = YES;
			};
			name = Release;
		};
		3AF97683249DB9BE00A7BA80 /* Debug */ = {
			isa = XCBuildConfiguration;
			baseConfigurationReference = 47D78AFEF3C962519C839AA0 /* Pods-Itemism.debug.xcconfig */;
			buildSettings = {
				ASSETCATALOG_COMPILER_APPICON_NAME = AppIcon;
				CODE_SIGN_STYLE = Automatic;
				DEVELOPMENT_TEAM = 4KJFNVZ8R6;
				INFOPLIST_FILE = Itemism/Info.plist;
				LD_RUNPATH_SEARCH_PATHS = (
					"$(inherited)",
					"@executable_path/Frameworks",
				);
				PRODUCT_BUNDLE_IDENTIFIER = mineo.jp.mac.pop.Itemism;
				PRODUCT_NAME = "$(TARGET_NAME)";
				SWIFT_VERSION = 5.0;
				TARGETED_DEVICE_FAMILY = "1,2";
			};
			name = Debug;
		};
		3AF97684249DB9BE00A7BA80 /* Release */ = {
			isa = XCBuildConfiguration;
			baseConfigurationReference = 1BE3FEA6259665A9D8D5C625 /* Pods-Itemism.release.xcconfig */;
			buildSettings = {
				ASSETCATALOG_COMPILER_APPICON_NAME = AppIcon;
				CODE_SIGN_STYLE = Automatic;
				DEVELOPMENT_TEAM = 4KJFNVZ8R6;
				INFOPLIST_FILE = Itemism/Info.plist;
				LD_RUNPATH_SEARCH_PATHS = (
					"$(inherited)",
					"@executable_path/Frameworks",
				);
				PRODUCT_BUNDLE_IDENTIFIER = mineo.jp.mac.pop.Itemism;
				PRODUCT_NAME = "$(TARGET_NAME)";
				SWIFT_VERSION = 5.0;
				TARGETED_DEVICE_FAMILY = "1,2";
			};
			name = Release;
		};
/* End XCBuildConfiguration section */

/* Begin XCConfigurationList section */
		3AF97669249DB9BC00A7BA80 /* Build configuration list for PBXProject "Itemism" */ = {
			isa = XCConfigurationList;
			buildConfigurations = (
				3AF97680249DB9BE00A7BA80 /* Debug */,
				3AF97681249DB9BE00A7BA80 /* Release */,
			);
			defaultConfigurationIsVisible = 0;
			defaultConfigurationName = Release;
		};
		3AF97682249DB9BE00A7BA80 /* Build configuration list for PBXNativeTarget "Itemism" */ = {
			isa = XCConfigurationList;
			buildConfigurations = (
				3AF97683249DB9BE00A7BA80 /* Debug */,
				3AF97684249DB9BE00A7BA80 /* Release */,
			);
			defaultConfigurationIsVisible = 0;
			defaultConfigurationName = Release;
		};
/* End XCConfigurationList section */
	};
	rootObject = 3AF97666249DB9BC00A7BA80 /* Project object */;
}
